
Microsoft Visual Studio Solution File, Format Version 12.00
# Visual Studio Version 17
VisualStudioVersion = 17.7.34221.43
MinimumVisualStudioVersion = 10.0.40219.1
Project("{9A19103F-16F7-4668-BE54-9A1E7A4F7556}") = "AppMVC", "AppMVC.csproj", "{9EBD233F-F4F9-4D16-A234-39FCB248B498}"
EndProject
Global
	GlobalSection(SolutionConfigurationPlatforms) = preSolution
		Debug|Any CPU = Debug|Any CPU
		Release|Any CPU = Release|Any CPU
	EndGlobalSection
	GlobalSection(ProjectConfigurationPlatforms) = postSolution
		{9EBD233F-F4F9-4D16-A234-39FCB248B498}.Debug|Any CPU.ActiveCfg = Debug|Any CPU
		{9EBD233F-F4F9-4D16-A234-39FCB248B498}.Debug|Any CPU.Build.0 = Debug|Any CPU
		{9EBD233F-F4F9-4D16-A234-39FCB248B498}.Release|Any CPU.ActiveCfg = Release|Any CPU
		{9EBD233F-F4F9-4D16-A234-39FCB248B498}.Release|Any CPU.Build.0 = Release|Any CPU
	EndGlobalSection
	GlobalSection(SolutionProperties) = preSolution
		HideSolutionNode = FALSE
	EndGlobalSection
	GlobalSection(ExtensibilityGlobals) = postSolution
		SolutionGuid = {7A8B9A2D-FCE9-4574-BBDF-F327B3677105}
	EndGlobalSection
EndGlobal
